{
  "name": "leap-app",
  "version": "1.0.0",
  "lockfileVersion": 3,
  "requires": true,
  "packages": {
    "": {
      "name": "leap-app",
      "version": "1.0.0",
      "workspaces": [
        "backend",
        "frontend"
      ],
      "dependencies": {
        "@monaco-editor/react": "^4.7.0"
      }
    },
    "backend": {
      "version": "1.0.0",
      "dependencies": {
        "encore.dev": "^1.49.3"
      },
      "devDependencies": {
        "typescript": "^5.9.2"
      }
    },
    "frontend": {
      "version": "1.0.0"
    },
    "node_modules/@monaco-editor/loader": {
      "version": "1.5.0",
      "resolved": "https://registry.npmmirror.com/@monaco-editor/loader/-/loader-1.5.0.tgz",
      "integrity": "sha512-hKoGSM+7aAc7eRTRjpqAZucPmoNOC4UUbknb/VNoTkEIkCPhqV8LfbsgM1webRM7S/z21eHEx9Fkwx8Z/C/+Xw==",
      "license": "MIT",
      "dependencies": {
        "state-local": "^1.0.6"
      }
    },
    "node_modules/@monaco-editor/react": {
      "version": "4.7.0",
      "resolved": "https://registry.npmmirror.com/@monaco-editor/react/-/react-4.7.0.tgz",
      "integrity": "sha512-cyzXQCtO47ydzxpQtCGSQGOC8Gk3ZUeBXFAxD+CWXYFo5OqZyZUonFl0DwUlTyAfRHntBfw2p3w4s9R6oe1eCA==",
      "license": "MIT",
      "dependencies": {
        "@monaco-editor/loader": "^1.5.0"
      },
      "peerDependencies": {
        "monaco-editor": ">= 0.25.0 < 1",
        "react": "^16.8.0 || ^17.0.0 || ^18.0.0 || ^19.0.0",
        "react-dom": "^16.8.0 || ^17.0.0 || ^18.0.0 || ^19.0.0"
      }
    },
    "node_modules/@types/trusted-types": {
      "version": "1.0.6",
      "resolved": "https://registry.npmmirror.com/@types/trusted-types/-/trusted-types-1.0.6.tgz",
      "integrity": "sha512-230RC8sFeHoT6sSUlRO6a8cAnclO06eeiq1QDfiv2FGCLWFvvERWgwIQD4FWqD9A69BN7Lzee4OXwoMVnnsWDw==",
      "license": "MIT",
      "peer": true
    },
    "node_modules/backend": {
      "resolved": "backend",
      "link": true
    },
    "node_modules/encore.dev": {
      "version": "1.50.0",
      "resolved": "https://registry.npmmirror.com/encore.dev/-/encore.dev-1.50.0.tgz",
      "integrity": "sha512-ruPe2xEWOt6LXn5bGK7HArPyjcjgIyKenoXE6dVoOGMnzFfykiZ8/5r2Rc9dn01WhrvgSn2sfDIhooKdxZ+dkA==",
      "license": "MPL-2.0",
      "engines": {
        "node": ">=18.0.0"
      }
    },
    "node_modules/frontend": {
      "resolved": "frontend",
      "link": true
    },
    "node_modules/monaco-editor": {
      "version": "0.53.0",
      "resolved": "https://registry.npmmirror.com/monaco-editor/-/monaco-editor-0.53.0.tgz",
      "integrity": "sha512-0WNThgC6CMWNXXBxTbaYYcunj08iB5rnx4/G56UOPeL9UVIUGGHA1GR0EWIh9Ebabj7NpCRawQ5b0hfN1jQmYQ==",
      "license": "MIT",
      "peer": true,
      "dependencies": {
        "@types/trusted-types": "^1.0.6"
      }
    },
    "node_modules/react": {
      "version": "19.1.1",
      "resolved": "https://registry.npmmirror.com/react/-/react-19.1.1.tgz",
      "integrity": "sha512-w8nqGImo45dmMIfljjMwOGtbmC/mk4CMYhWIicdSflH91J9TyCyczcPFXJzrZ/ZXcgGRFeP6BU0BEJTw6tZdfQ==",
      "license": "MIT",
      "peer": true,
      "engines": {
        "node": ">=0.10.0"
      }
    },
    "node_modules/react-dom": {
      "version": "19.1.1",
      "resolved": "https://registry.npmmirror.com/react-dom/-/react-dom-19.1.1.tgz",
      "integrity": "sha512-Dlq/5LAZgF0Gaz6yiqZCf6VCcZs1ghAJyrsu84Q/GT0gV+mCxbfmKNoGRKBYMJ8IEdGPqu49YWXD02GCknEDkw==",
      "license": "MIT",
      "peer": true,
      "dependencies": {
        "scheduler": "^0.26.0"
      },
      "peerDependencies": {
        "react": "^19.1.1"
      }
    },
    "node_modules/scheduler": {
      "version": "0.26.0",
      "resolved": "https://registry.npmmirror.com/scheduler/-/scheduler-0.26.0.tgz",
      "integrity": "sha512-NlHwttCI/l5gCPR3D1nNXtWABUmBwvZpEQiD4IXSbIDq8BzLIK/7Ir5gTFSGZDUu37K5cMNp0hFtzO38sC7gWA==",
      "license": "MIT",
      "peer": true
    },
    "node_modules/state-local": {
      "version": "1.0.7",
      "resolved": "https://registry.npmmirror.com/state-local/-/state-local-1.0.7.tgz",
      "integrity": "sha512-HTEHMNieakEnoe33shBYcZ7NX83ACUjCu8c40iOGEZsngj9zRnkqS9j1pqQPXwobB0ZcVTk27REb7COQ0UR59w==",
      "license": "MIT"
    },
    "node_modules/typescript": {
      "version": "5.9.2",
      "resolved": "https://registry.npmmirror.com/typescript/-/typescript-5.9.2.tgz",
      "integrity": "sha512-CWBzXQrc/qOkhidw1OzBTQuYRbfyxDXJMVJ1XNwUHGROVmuaeiEm3OslpZ1RV96d7SKKjZKrSJu3+t/xlw3R9A==",
      "dev": true,
      "license": "Apache-2.0",
      "bin": {
        "tsc": "bin/tsc",
        "tsserver": "bin/tsserver"
      },
      "engines": {
        "node": ">=14.17"
      }
    }
  }
}
